
Microsoft Visual Studio Solution File, Format Version 12.00
# Visual Studio Version 17
VisualStudioVersion = 17.0.32126.317
MinimumVisualStudioVersion = 10.0.40219.1
Project("{FAE04EC0-301F-11D3-BF4B-00C04F79EFBC}") = "CallerArgumentExpression", "CallerArgumentExpression\CallerArgumentExpression.csproj", "{8C38BCC9-0352-4165-A57B-3964A43903D5}"
EndProject
Global
	GlobalSection(SolutionConfigurationPlatforms) = preSolution
		Debug|Any CPU = Debug|Any CPU
		Release|Any CPU = Release|Any CPU
	EndGlobalSection
	GlobalSection(ProjectConfigurationPlatforms) = postSolution
		{8C38BCC9-0352-4165-A57B-3964A43903D5}.Debug|Any CPU.ActiveCfg = Debug|Any CPU
		{8C38BCC9-0352-4165-A57B-3964A43903D5}.Debug|Any CPU.Build.0 = Debug|Any CPU
		{8C38BCC9-0352-4165-A57B-3964A43903D5}.Release|Any CPU.ActiveCfg = Release|Any CPU
		{8C38BCC9-0352-4165-A57B-3964A43903D5}.Release|Any CPU.Build.0 = Release|Any CPU
	EndGlobalSection
	GlobalSection(SolutionProperties) = preSolution
		HideSolutionNode = FALSE
	EndGlobalSection
	GlobalSection(ExtensibilityGlobals) = postSolution
		SolutionGuid = {C43AFFD8-ED87-4ADE-8D3C-77480D7ECAA1}
	EndGlobalSection
EndGlobal
