
Microsoft Visual Studio Solution File, Format Version 12.00
# Visual Studio Version 17
VisualStudioVersion = 17.0.32126.317
MinimumVisualStudioVersion = 10.0.40219.1
Project("{FAE04EC0-301F-11D3-BF4B-00C04F79EFBC}") = "Delegates", "Delegates\Delegates.csproj", "{C5F39FCD-190F-4811-9470-36F58C7AE0B0}"
EndProject
Global
	GlobalSection(SolutionConfigurationPlatforms) = preSolution
		Debug|Any CPU = Debug|Any CPU
		Release|Any CPU = Release|Any CPU
	EndGlobalSection
	GlobalSection(ProjectConfigurationPlatforms) = postSolution
		{C5F39FCD-190F-4811-9470-36F58C7AE0B0}.Debug|Any CPU.ActiveCfg = Debug|Any CPU
		{C5F39FCD-190F-4811-9470-36F58C7AE0B0}.Debug|Any CPU.Build.0 = Debug|Any CPU
		{C5F39FCD-190F-4811-9470-36F58C7AE0B0}.Release|Any CPU.ActiveCfg = Release|Any CPU
		{C5F39FCD-190F-4811-9470-36F58C7AE0B0}.Release|Any CPU.Build.0 = Release|Any CPU
	EndGlobalSection
	GlobalSection(SolutionProperties) = preSolution
		HideSolutionNode = FALSE
	EndGlobalSection
	GlobalSection(ExtensibilityGlobals) = postSolution
		SolutionGuid = {BF39546A-34E2-4EED-A93C-B3F7FB946211}
	EndGlobalSection
EndGlobal
